
Microsoft Visual Studio Solution File, Format Version 12.00
# Visual Studio Version 17
VisualStudioVersion = 17.7.34031.279
MinimumVisualStudioVersion = 10.0.40219.1
Project("{2150E333-8FDC-42A3-9474-1A3956D46DE8}") = "src", "src", "{02B083EC-C573-4064-AACC-0AD8E48ED5D9}"
EndProject
Project("{2150E333-8FDC-42A3-9474-1A3956D46DE8}") = "SolutionItems", "SolutionItems", "{6A23B3F6-0122-4F1D-9FAF-7B1E83D23683}"
EndProject
Project("{2150E333-8FDC-42A3-9474-1A3956D46DE8}") = "ApiGateways", "ApiGateways", "{FD7E1598-CA71-4D7C-995B-F5C18F1E6357}"
EndProject
Project("{2150E333-8FDC-42A3-9474-1A3956D46DE8}") = "BuildBlocks", "BuildBlocks", "{4BF8EFB1-03CA-4334-8A88-D477E01737E1}"
EndProject
Project("{2150E333-8FDC-42A3-9474-1A3956D46DE8}") = "Services", "Services", "{6840AC38-F9A4-4805-A20F-51D0EB9EA1AA}"
EndProject
Project("{2150E333-8FDC-42A3-9474-1A3956D46DE8}") = "WebApps", "WebApps", "{93AD8850-76D3-40CC-917D-FEF08A218D35}"
EndProject
Project("{2150E333-8FDC-42A3-9474-1A3956D46DE8}") = "WebApiGateway", "WebApiGateway", "{16E63A7D-DFF1-495A-83F7-FBAEA7BE2F23}"
EndProject
Project("{9A19103F-16F7-4668-BE54-9A1E7A4F7556}") = "Web.Api.Gateway", "Web.Api.Gateway\Web.Api.Gateway.csproj", "{42B3AFD5-5037-4E5B-A342-49B743105161}"
	ProjectSection(ProjectDependencies) = postProject
		{71A04273-85B6-431A-AED4-1CBD142ADF0B} = {71A04273-85B6-431A-AED4-1CBD142ADF0B}
		{AF37D58B-F9D8-4881-BCC1-105322523331} = {AF37D58B-F9D8-4881-BCC1-105322523331}
	EndProjectSection
EndProject
Project("{2150E333-8FDC-42A3-9474-1A3956D46DE8}") = "EventBus", "EventBus", "{E8EFBED0-5F12-4087-BFFA-6E4632B4BFA9}"
EndProject
Project("{9A19103F-16F7-4668-BE54-9A1E7A4F7556}") = "EventBus.Base", "EventBus.Base\EventBus.Base.csproj", "{2B6C4467-2C43-4AE5-A41C-4C349BACEEEF}"
EndProject
Project("{9A19103F-16F7-4668-BE54-9A1E7A4F7556}") = "EventBus.Factory", "EventBus.Factory\EventBus.Factory.csproj", "{74E4045E-D084-49D1-9540-03BB5B401C5C}"
EndProject
Project("{9A19103F-16F7-4668-BE54-9A1E7A4F7556}") = "EventBus.AzureServiceBus", "EventBus.AzureServiceBus\EventBus.AzureServiceBus.csproj", "{CB47DB10-D55E-49CE-9815-571F39AFD071}"
EndProject
Project("{9A19103F-16F7-4668-BE54-9A1E7A4F7556}") = "EventBus.RabbitMQ", "EventBus.RabbitMQ\EventBus.RabbitMQ.csproj", "{4B559DCF-6156-43A4-86D5-B359FF400DDC}"
EndProject
Project("{2150E333-8FDC-42A3-9474-1A3956D46DE8}") = "CatalogService", "CatalogService", "{6B40B784-7B59-4679-8364-1B537C48F5E7}"
EndProject
Project("{9A19103F-16F7-4668-BE54-9A1E7A4F7556}") = "CatalogService.Api", "CatalogService.Api\CatalogService.Api.csproj", "{AF37D58B-F9D8-4881-BCC1-105322523331}"
EndProject
Project("{2150E333-8FDC-42A3-9474-1A3956D46DE8}") = "IdentityService", "IdentityService", "{DC60AADE-670C-4BAC-9C55-FA6DAC06620A}"
EndProject
Project("{2150E333-8FDC-42A3-9474-1A3956D46DE8}") = "NotificationService", "NotificationService", "{7584743D-FFE6-4331-A527-136CD160815E}"
EndProject
Project("{9A19103F-16F7-4668-BE54-9A1E7A4F7556}") = "NotificationService.Console", "NotificationService.Console\NotificationService.Console.csproj", "{D3012358-D7DC-44C9-99A3-EB384F75B0A9}"
EndProject
Project("{2150E333-8FDC-42A3-9474-1A3956D46DE8}") = "docker-files", "docker-files", "{CBA9DDFD-A3F3-4D3A-BE87-2EA139FB9A11}"
	ProjectSection(SolutionItems) = preProject
		consul-compose.yml = consul-compose.yml
		postgre-compose.yml = postgre-compose.yml
		rabbitmq-compose.yml = rabbitmq-compose.yml
		redis-compose.yml = redis-compose.yml
	EndProjectSection
EndProject
Project("{2150E333-8FDC-42A3-9474-1A3956D46DE8}") = "Data", "Data", "{DB123F09-1EC8-4571-BA25-07FD34C7419A}"
EndProject
Project("{2150E333-8FDC-42A3-9474-1A3956D46DE8}") = "Infrastructure", "Infrastructure", "{E845A8EB-7DDC-42CE-B22A-1C107DA13872}"
EndProject
Project("{2150E333-8FDC-42A3-9474-1A3956D46DE8}") = "Domain", "Domain", "{CD47E1B7-9BB9-435A-A7C1-2233CAE9D787}"
EndProject
Project("{9A19103F-16F7-4668-BE54-9A1E7A4F7556}") = "Data.Infrastructure", "Data.Infrastructure\Data.Infrastructure.csproj", "{59FFE48D-110A-4652-BEA8-9194AC2550B8}"
EndProject
Project("{9A19103F-16F7-4668-BE54-9A1E7A4F7556}") = "Data.Domain", "Data.Domain\Data.Domain.csproj", "{F3F1A3E8-223F-4F26-82EC-FCE842B0DD8B}"
EndProject
Project("{9A19103F-16F7-4668-BE54-9A1E7A4F7556}") = "Data.Domain.Base", "Data.Domain.Base\Data.Domain.Base.csproj", "{11D6273B-C308-47BE-BB53-79AE396ADFBC}"
EndProject
Project("{9A19103F-16F7-4668-BE54-9A1E7A4F7556}") = "IdentityService.Api", "IdentityService.Api\IdentityService.Api.csproj", "{71A04273-85B6-431A-AED4-1CBD142ADF0B}"
EndProject
Project("{2150E333-8FDC-42A3-9474-1A3956D46DE8}") = "Domain", "Domain", "{2D9D21B7-284F-4748-A7D4-E513AC2C3344}"
EndProject
Project("{9A19103F-16F7-4668-BE54-9A1E7A4F7556}") = "Domain.Dto", "Domain\Domain.Dto\Domain.Dto.csproj", "{5AFABD8F-A265-48EA-9E7B-D7F09504CF06}"
EndProject
Project("{9A19103F-16F7-4668-BE54-9A1E7A4F7556}") = "Domain.Business", "Domain\Domain.Business\Domain.Business.csproj", "{4BBC155E-81F9-495E-B771-DEEAA4D2E252}"
EndProject
Project("{9A19103F-16F7-4668-BE54-9A1E7A4F7556}") = "Domain.Infrastructure", "Domain\Domain.Infrastructure\Domain.Infrastructure.csproj", "{151389FA-C53F-4096-9F0B-E645E140AE4C}"
EndProject
Project("{FAE04EC0-301F-11D3-BF4B-00C04F79EFBC}") = "Domain.CQRS", "Domain.CQRS\Domain.CQRS.csproj", "{2DD5BA11-C549-4C46-9A0C-F233B93BAE37}"
EndProject
Global
	GlobalSection(SolutionConfigurationPlatforms) = preSolution
		Debug|Any CPU = Debug|Any CPU
		Release|Any CPU = Release|Any CPU
	EndGlobalSection
	GlobalSection(ProjectConfigurationPlatforms) = postSolution
		{42B3AFD5-5037-4E5B-A342-49B743105161}.Debug|Any CPU.ActiveCfg = Debug|Any CPU
		{42B3AFD5-5037-4E5B-A342-49B743105161}.Debug|Any CPU.Build.0 = Debug|Any CPU
		{42B3AFD5-5037-4E5B-A342-49B743105161}.Release|Any CPU.ActiveCfg = Release|Any CPU
		{42B3AFD5-5037-4E5B-A342-49B743105161}.Release|Any CPU.Build.0 = Release|Any CPU
		{2B6C4467-2C43-4AE5-A41C-4C349BACEEEF}.Debug|Any CPU.ActiveCfg = Debug|Any CPU
		{2B6C4467-2C43-4AE5-A41C-4C349BACEEEF}.Debug|Any CPU.Build.0 = Debug|Any CPU
		{2B6C4467-2C43-4AE5-A41C-4C349BACEEEF}.Release|Any CPU.ActiveCfg = Release|Any CPU
		{2B6C4467-2C43-4AE5-A41C-4C349BACEEEF}.Release|Any CPU.Build.0 = Release|Any CPU
		{74E4045E-D084-49D1-9540-03BB5B401C5C}.Debug|Any CPU.ActiveCfg = Debug|Any CPU
		{74E4045E-D084-49D1-9540-03BB5B401C5C}.Debug|Any CPU.Build.0 = Debug|Any CPU
		{74E4045E-D084-49D1-9540-03BB5B401C5C}.Release|Any CPU.ActiveCfg = Release|Any CPU
		{74E4045E-D084-49D1-9540-03BB5B401C5C}.Release|Any CPU.Build.0 = Release|Any CPU
		{CB47DB10-D55E-49CE-9815-571F39AFD071}.Debug|Any CPU.ActiveCfg = Debug|Any CPU
		{CB47DB10-D55E-49CE-9815-571F39AFD071}.Debug|Any CPU.Build.0 = Debug|Any CPU
		{CB47DB10-D55E-49CE-9815-571F39AFD071}.Release|Any CPU.ActiveCfg = Release|Any CPU
		{CB47DB10-D55E-49CE-9815-571F39AFD071}.Release|Any CPU.Build.0 = Release|Any CPU
		{4B559DCF-6156-43A4-86D5-B359FF400DDC}.Debug|Any CPU.ActiveCfg = Debug|Any CPU
		{4B559DCF-6156-43A4-86D5-B359FF400DDC}.Debug|Any CPU.Build.0 = Debug|Any CPU
		{4B559DCF-6156-43A4-86D5-B359FF400DDC}.Release|Any CPU.ActiveCfg = Release|Any CPU
		{4B559DCF-6156-43A4-86D5-B359FF400DDC}.Release|Any CPU.Build.0 = Release|Any CPU
		{AF37D58B-F9D8-4881-BCC1-105322523331}.Debug|Any CPU.ActiveCfg = Debug|Any CPU
		{AF37D58B-F9D8-4881-BCC1-105322523331}.Debug|Any CPU.Build.0 = Debug|Any CPU
		{AF37D58B-F9D8-4881-BCC1-105322523331}.Release|Any CPU.ActiveCfg = Release|Any CPU
		{AF37D58B-F9D8-4881-BCC1-105322523331}.Release|Any CPU.Build.0 = Release|Any CPU
		{D3012358-D7DC-44C9-99A3-EB384F75B0A9}.Debug|Any CPU.ActiveCfg = Debug|Any CPU
		{D3012358-D7DC-44C9-99A3-EB384F75B0A9}.Debug|Any CPU.Build.0 = Debug|Any CPU
		{D3012358-D7DC-44C9-99A3-EB384F75B0A9}.Release|Any CPU.ActiveCfg = Release|Any CPU
		{D3012358-D7DC-44C9-99A3-EB384F75B0A9}.Release|Any CPU.Build.0 = Release|Any CPU
		{59FFE48D-110A-4652-BEA8-9194AC2550B8}.Debug|Any CPU.ActiveCfg = Debug|Any CPU
		{59FFE48D-110A-4652-BEA8-9194AC2550B8}.Debug|Any CPU.Build.0 = Debug|Any CPU
		{59FFE48D-110A-4652-BEA8-9194AC2550B8}.Release|Any CPU.ActiveCfg = Release|Any CPU
		{59FFE48D-110A-4652-BEA8-9194AC2550B8}.Release|Any CPU.Build.0 = Release|Any CPU
		{F3F1A3E8-223F-4F26-82EC-FCE842B0DD8B}.Debug|Any CPU.ActiveCfg = Debug|Any CPU
		{F3F1A3E8-223F-4F26-82EC-FCE842B0DD8B}.Debug|Any CPU.Build.0 = Debug|Any CPU
		{F3F1A3E8-223F-4F26-82EC-FCE842B0DD8B}.Release|Any CPU.ActiveCfg = Release|Any CPU
		{F3F1A3E8-223F-4F26-82EC-FCE842B0DD8B}.Release|Any CPU.Build.0 = Release|Any CPU
		{11D6273B-C308-47BE-BB53-79AE396ADFBC}.Debug|Any CPU.ActiveCfg = Debug|Any CPU
		{11D6273B-C308-47BE-BB53-79AE396ADFBC}.Debug|Any CPU.Build.0 = Debug|Any CPU
		{11D6273B-C308-47BE-BB53-79AE396ADFBC}.Release|Any CPU.ActiveCfg = Release|Any CPU
		{11D6273B-C308-47BE-BB53-79AE396ADFBC}.Release|Any CPU.Build.0 = Release|Any CPU
		{71A04273-85B6-431A-AED4-1CBD142ADF0B}.Debug|Any CPU.ActiveCfg = Debug|Any CPU
		{71A04273-85B6-431A-AED4-1CBD142ADF0B}.Debug|Any CPU.Build.0 = Debug|Any CPU
		{71A04273-85B6-431A-AED4-1CBD142ADF0B}.Release|Any CPU.ActiveCfg = Release|Any CPU
		{71A04273-85B6-431A-AED4-1CBD142ADF0B}.Release|Any CPU.Build.0 = Release|Any CPU
		{5AFABD8F-A265-48EA-9E7B-D7F09504CF06}.Debug|Any CPU.ActiveCfg = Debug|Any CPU
		{5AFABD8F-A265-48EA-9E7B-D7F09504CF06}.Debug|Any CPU.Build.0 = Debug|Any CPU
		{5AFABD8F-A265-48EA-9E7B-D7F09504CF06}.Release|Any CPU.ActiveCfg = Release|Any CPU
		{5AFABD8F-A265-48EA-9E7B-D7F09504CF06}.Release|Any CPU.Build.0 = Release|Any CPU
		{4BBC155E-81F9-495E-B771-DEEAA4D2E252}.Debug|Any CPU.ActiveCfg = Debug|Any CPU
		{4BBC155E-81F9-495E-B771-DEEAA4D2E252}.Debug|Any CPU.Build.0 = Debug|Any CPU
		{4BBC155E-81F9-495E-B771-DEEAA4D2E252}.Release|Any CPU.ActiveCfg = Release|Any CPU
		{4BBC155E-81F9-495E-B771-DEEAA4D2E252}.Release|Any CPU.Build.0 = Release|Any CPU
		{151389FA-C53F-4096-9F0B-E645E140AE4C}.Debug|Any CPU.ActiveCfg = Debug|Any CPU
		{151389FA-C53F-4096-9F0B-E645E140AE4C}.Debug|Any CPU.Build.0 = Debug|Any CPU
		{151389FA-C53F-4096-9F0B-E645E140AE4C}.Release|Any CPU.ActiveCfg = Release|Any CPU
		{151389FA-C53F-4096-9F0B-E645E140AE4C}.Release|Any CPU.Build.0 = Release|Any CPU
		{2DD5BA11-C549-4C46-9A0C-F233B93BAE37}.Debug|Any CPU.ActiveCfg = Debug|Any CPU
		{2DD5BA11-C549-4C46-9A0C-F233B93BAE37}.Debug|Any CPU.Build.0 = Debug|Any CPU
		{2DD5BA11-C549-4C46-9A0C-F233B93BAE37}.Release|Any CPU.ActiveCfg = Release|Any CPU
		{2DD5BA11-C549-4C46-9A0C-F233B93BAE37}.Release|Any CPU.Build.0 = Release|Any CPU
	EndGlobalSection
	GlobalSection(SolutionProperties) = preSolution
		HideSolutionNode = FALSE
	EndGlobalSection
	GlobalSection(NestedProjects) = preSolution
		{FD7E1598-CA71-4D7C-995B-F5C18F1E6357} = {02B083EC-C573-4064-AACC-0AD8E48ED5D9}
		{4BF8EFB1-03CA-4334-8A88-D477E01737E1} = {02B083EC-C573-4064-AACC-0AD8E48ED5D9}
		{6840AC38-F9A4-4805-A20F-51D0EB9EA1AA} = {02B083EC-C573-4064-AACC-0AD8E48ED5D9}
		{93AD8850-76D3-40CC-917D-FEF08A218D35} = {02B083EC-C573-4064-AACC-0AD8E48ED5D9}
		{16E63A7D-DFF1-495A-83F7-FBAEA7BE2F23} = {FD7E1598-CA71-4D7C-995B-F5C18F1E6357}
		{42B3AFD5-5037-4E5B-A342-49B743105161} = {16E63A7D-DFF1-495A-83F7-FBAEA7BE2F23}
		{E8EFBED0-5F12-4087-BFFA-6E4632B4BFA9} = {4BF8EFB1-03CA-4334-8A88-D477E01737E1}
		{2B6C4467-2C43-4AE5-A41C-4C349BACEEEF} = {E8EFBED0-5F12-4087-BFFA-6E4632B4BFA9}
		{74E4045E-D084-49D1-9540-03BB5B401C5C} = {E8EFBED0-5F12-4087-BFFA-6E4632B4BFA9}
		{CB47DB10-D55E-49CE-9815-571F39AFD071} = {E8EFBED0-5F12-4087-BFFA-6E4632B4BFA9}
		{4B559DCF-6156-43A4-86D5-B359FF400DDC} = {E8EFBED0-5F12-4087-BFFA-6E4632B4BFA9}
		{6B40B784-7B59-4679-8364-1B537C48F5E7} = {6840AC38-F9A4-4805-A20F-51D0EB9EA1AA}
		{AF37D58B-F9D8-4881-BCC1-105322523331} = {6B40B784-7B59-4679-8364-1B537C48F5E7}
		{DC60AADE-670C-4BAC-9C55-FA6DAC06620A} = {6840AC38-F9A4-4805-A20F-51D0EB9EA1AA}
		{7584743D-FFE6-4331-A527-136CD160815E} = {6840AC38-F9A4-4805-A20F-51D0EB9EA1AA}
		{D3012358-D7DC-44C9-99A3-EB384F75B0A9} = {7584743D-FFE6-4331-A527-136CD160815E}
		{DB123F09-1EC8-4571-BA25-07FD34C7419A} = {4BF8EFB1-03CA-4334-8A88-D477E01737E1}
		{E845A8EB-7DDC-42CE-B22A-1C107DA13872} = {DB123F09-1EC8-4571-BA25-07FD34C7419A}
		{CD47E1B7-9BB9-435A-A7C1-2233CAE9D787} = {DB123F09-1EC8-4571-BA25-07FD34C7419A}
		{59FFE48D-110A-4652-BEA8-9194AC2550B8} = {E845A8EB-7DDC-42CE-B22A-1C107DA13872}
		{F3F1A3E8-223F-4F26-82EC-FCE842B0DD8B} = {CD47E1B7-9BB9-435A-A7C1-2233CAE9D787}
		{11D6273B-C308-47BE-BB53-79AE396ADFBC} = {CD47E1B7-9BB9-435A-A7C1-2233CAE9D787}
		{71A04273-85B6-431A-AED4-1CBD142ADF0B} = {DC60AADE-670C-4BAC-9C55-FA6DAC06620A}
		{2D9D21B7-284F-4748-A7D4-E513AC2C3344} = {4BF8EFB1-03CA-4334-8A88-D477E01737E1}
		{5AFABD8F-A265-48EA-9E7B-D7F09504CF06} = {2D9D21B7-284F-4748-A7D4-E513AC2C3344}
		{4BBC155E-81F9-495E-B771-DEEAA4D2E252} = {2D9D21B7-284F-4748-A7D4-E513AC2C3344}
		{151389FA-C53F-4096-9F0B-E645E140AE4C} = {2D9D21B7-284F-4748-A7D4-E513AC2C3344}
		{2DD5BA11-C549-4C46-9A0C-F233B93BAE37} = {2D9D21B7-284F-4748-A7D4-E513AC2C3344}
	EndGlobalSection
	GlobalSection(ExtensibilityGlobals) = postSolution
		SolutionGuid = {799A6E69-80A3-4824-97B5-1F6F61B38451}
	EndGlobalSection
EndGlobal
