
Microsoft Visual Studio Solution File, Format Version 12.00
# Visual Studio Version 16
VisualStudioVersion = 16.0.30320.27
MinimumVisualStudioVersion = 10.0.40219.1
Project("{2150E333-8FDC-42A3-9474-1A3956D46DE8}") = "src", "src", "{02B083EC-C573-4064-AACC-0AD8E48ED5D9}"
EndProject
Project("{2150E333-8FDC-42A3-9474-1A3956D46DE8}") = "SolutionItems", "SolutionItems", "{6A23B3F6-0122-4F1D-9FAF-7B1E83D23683}"
EndProject
Project("{2150E333-8FDC-42A3-9474-1A3956D46DE8}") = "ApiGateways", "ApiGateways", "{FD7E1598-CA71-4D7C-995B-F5C18F1E6357}"
EndProject
Project("{2150E333-8FDC-42A3-9474-1A3956D46DE8}") = "BuildBlocks", "BuildBlocks", "{4BF8EFB1-03CA-4334-8A88-D477E01737E1}"
EndProject
Project("{2150E333-8FDC-42A3-9474-1A3956D46DE8}") = "Services", "Services", "{6840AC38-F9A4-4805-A20F-51D0EB9EA1AA}"
EndProject
Project("{2150E333-8FDC-42A3-9474-1A3956D46DE8}") = "WebApps", "WebApps", "{93AD8850-76D3-40CC-917D-FEF08A218D35}"
EndProject
Project("{2150E333-8FDC-42A3-9474-1A3956D46DE8}") = "WebApiGateway", "WebApiGateway", "{16E63A7D-DFF1-495A-83F7-FBAEA7BE2F23}"
EndProject
Project("{9A19103F-16F7-4668-BE54-9A1E7A4F7556}") = "Web.Api.Gateway", "Web.Api.Gateway\Web.Api.Gateway.csproj", "{42B3AFD5-5037-4E5B-A342-49B743105161}"
EndProject
Project("{2150E333-8FDC-42A3-9474-1A3956D46DE8}") = "EventBus", "EventBus", "{E8EFBED0-5F12-4087-BFFA-6E4632B4BFA9}"
EndProject
Project("{9A19103F-16F7-4668-BE54-9A1E7A4F7556}") = "EventBus.Base", "EventBus.Base\EventBus.Base.csproj", "{2B6C4467-2C43-4AE5-A41C-4C349BACEEEF}"
EndProject
Project("{9A19103F-16F7-4668-BE54-9A1E7A4F7556}") = "EventBus.Factory", "EventBus.Factory\EventBus.Factory.csproj", "{74E4045E-D084-49D1-9540-03BB5B401C5C}"
EndProject
Project("{9A19103F-16F7-4668-BE54-9A1E7A4F7556}") = "EventBus.AzureServiceBus", "EventBus.AzureServiceBus\EventBus.AzureServiceBus.csproj", "{CB47DB10-D55E-49CE-9815-571F39AFD071}"
EndProject
Project("{9A19103F-16F7-4668-BE54-9A1E7A4F7556}") = "EventBus.RabbitMQ", "EventBus.RabbitMQ\EventBus.RabbitMQ.csproj", "{4B559DCF-6156-43A4-86D5-B359FF400DDC}"
EndProject
Project("{2150E333-8FDC-42A3-9474-1A3956D46DE8}") = "BasketService", "BasketService", "{E5B212F0-D7A0-4252-A740-C99C9D1E0DE9}"
EndProject
Project("{9A19103F-16F7-4668-BE54-9A1E7A4F7556}") = "BasketService.Api", "BaseService.Api\BasketService.Api.csproj", "{08673306-8277-4C59-B129-632AD6470CB0}"
EndProject
Project("{2150E333-8FDC-42A3-9474-1A3956D46DE8}") = "CatalogService", "CatalogService", "{6B40B784-7B59-4679-8364-1B537C48F5E7}"
EndProject
Project("{9A19103F-16F7-4668-BE54-9A1E7A4F7556}") = "CatalogService.Api", "CatalogService.Api\CatalogService.Api.csproj", "{AF37D58B-F9D8-4881-BCC1-105322523331}"
EndProject
Project("{2150E333-8FDC-42A3-9474-1A3956D46DE8}") = "IdentityService", "IdentityService", "{DC60AADE-670C-4BAC-9C55-FA6DAC06620A}"
EndProject
Project("{2150E333-8FDC-42A3-9474-1A3956D46DE8}") = "NotificationService", "NotificationService", "{7584743D-FFE6-4331-A527-136CD160815E}"
EndProject
Project("{9A19103F-16F7-4668-BE54-9A1E7A4F7556}") = "NotificationService.Console", "NotificationService.Console\NotificationService.Console.csproj", "{D3012358-D7DC-44C9-99A3-EB384F75B0A9}"
EndProject
Project("{2150E333-8FDC-42A3-9474-1A3956D46DE8}") = "OrderService", "OrderService", "{FC57EB9F-9E16-49DF-A5CF-8691779A0D0D}"
EndProject
Project("{9A19103F-16F7-4668-BE54-9A1E7A4F7556}") = "OrderService.Domain", "OrderService.Domain\OrderService.Domain.csproj", "{DD5050B1-F20B-4246-9299-B369DB4CC371}"
EndProject
Project("{9A19103F-16F7-4668-BE54-9A1E7A4F7556}") = "OrderService.Application", "OrderService.Application\OrderService.Application.csproj", "{E64974C8-3DF3-4C9A-9510-C65799A8DB2D}"
EndProject
Project("{9A19103F-16F7-4668-BE54-9A1E7A4F7556}") = "OrderService.Infrastructure", "OrderService.Infrastructure\OrderService.Infrastructure.csproj", "{40B5B1DA-E654-4157-B1FC-55496627E20C}"
EndProject
Project("{9A19103F-16F7-4668-BE54-9A1E7A4F7556}") = "OrderService.Api", "OrderService.Api\OrderService.Api.csproj", "{EA9C8B19-5303-47B2-A892-54F37D4D1957}"
EndProject
Project("{2150E333-8FDC-42A3-9474-1A3956D46DE8}") = "PaymentService", "PaymentService", "{1471302E-8AE1-4902-988F-A0A90F2557FF}"
EndProject
Project("{9A19103F-16F7-4668-BE54-9A1E7A4F7556}") = "PaymentService.Api", "PaymentService.Api\PaymentService.Api.csproj", "{B8050787-4483-4E1E-92D8-BA3905BA0008}"
EndProject
Global
	GlobalSection(SolutionConfigurationPlatforms) = preSolution
		Debug|Any CPU = Debug|Any CPU
		Release|Any CPU = Release|Any CPU
	EndGlobalSection
	GlobalSection(ProjectConfigurationPlatforms) = postSolution
		{42B3AFD5-5037-4E5B-A342-49B743105161}.Debug|Any CPU.ActiveCfg = Debug|Any CPU
		{42B3AFD5-5037-4E5B-A342-49B743105161}.Debug|Any CPU.Build.0 = Debug|Any CPU
		{42B3AFD5-5037-4E5B-A342-49B743105161}.Release|Any CPU.ActiveCfg = Release|Any CPU
		{42B3AFD5-5037-4E5B-A342-49B743105161}.Release|Any CPU.Build.0 = Release|Any CPU
		{2B6C4467-2C43-4AE5-A41C-4C349BACEEEF}.Debug|Any CPU.ActiveCfg = Debug|Any CPU
		{2B6C4467-2C43-4AE5-A41C-4C349BACEEEF}.Debug|Any CPU.Build.0 = Debug|Any CPU
		{2B6C4467-2C43-4AE5-A41C-4C349BACEEEF}.Release|Any CPU.ActiveCfg = Release|Any CPU
		{2B6C4467-2C43-4AE5-A41C-4C349BACEEEF}.Release|Any CPU.Build.0 = Release|Any CPU
		{74E4045E-D084-49D1-9540-03BB5B401C5C}.Debug|Any CPU.ActiveCfg = Debug|Any CPU
		{74E4045E-D084-49D1-9540-03BB5B401C5C}.Debug|Any CPU.Build.0 = Debug|Any CPU
		{74E4045E-D084-49D1-9540-03BB5B401C5C}.Release|Any CPU.ActiveCfg = Release|Any CPU
		{74E4045E-D084-49D1-9540-03BB5B401C5C}.Release|Any CPU.Build.0 = Release|Any CPU
		{CB47DB10-D55E-49CE-9815-571F39AFD071}.Debug|Any CPU.ActiveCfg = Debug|Any CPU
		{CB47DB10-D55E-49CE-9815-571F39AFD071}.Debug|Any CPU.Build.0 = Debug|Any CPU
		{CB47DB10-D55E-49CE-9815-571F39AFD071}.Release|Any CPU.ActiveCfg = Release|Any CPU
		{CB47DB10-D55E-49CE-9815-571F39AFD071}.Release|Any CPU.Build.0 = Release|Any CPU
		{4B559DCF-6156-43A4-86D5-B359FF400DDC}.Debug|Any CPU.ActiveCfg = Debug|Any CPU
		{4B559DCF-6156-43A4-86D5-B359FF400DDC}.Debug|Any CPU.Build.0 = Debug|Any CPU
		{4B559DCF-6156-43A4-86D5-B359FF400DDC}.Release|Any CPU.ActiveCfg = Release|Any CPU
		{4B559DCF-6156-43A4-86D5-B359FF400DDC}.Release|Any CPU.Build.0 = Release|Any CPU
		{08673306-8277-4C59-B129-632AD6470CB0}.Debug|Any CPU.ActiveCfg = Debug|Any CPU
		{08673306-8277-4C59-B129-632AD6470CB0}.Debug|Any CPU.Build.0 = Debug|Any CPU
		{08673306-8277-4C59-B129-632AD6470CB0}.Release|Any CPU.ActiveCfg = Release|Any CPU
		{08673306-8277-4C59-B129-632AD6470CB0}.Release|Any CPU.Build.0 = Release|Any CPU
		{AF37D58B-F9D8-4881-BCC1-105322523331}.Debug|Any CPU.ActiveCfg = Debug|Any CPU
		{AF37D58B-F9D8-4881-BCC1-105322523331}.Debug|Any CPU.Build.0 = Debug|Any CPU
		{AF37D58B-F9D8-4881-BCC1-105322523331}.Release|Any CPU.ActiveCfg = Release|Any CPU
		{AF37D58B-F9D8-4881-BCC1-105322523331}.Release|Any CPU.Build.0 = Release|Any CPU
		{D3012358-D7DC-44C9-99A3-EB384F75B0A9}.Debug|Any CPU.ActiveCfg = Debug|Any CPU
		{D3012358-D7DC-44C9-99A3-EB384F75B0A9}.Debug|Any CPU.Build.0 = Debug|Any CPU
		{D3012358-D7DC-44C9-99A3-EB384F75B0A9}.Release|Any CPU.ActiveCfg = Release|Any CPU
		{D3012358-D7DC-44C9-99A3-EB384F75B0A9}.Release|Any CPU.Build.0 = Release|Any CPU
		{DD5050B1-F20B-4246-9299-B369DB4CC371}.Debug|Any CPU.ActiveCfg = Debug|Any CPU
		{DD5050B1-F20B-4246-9299-B369DB4CC371}.Debug|Any CPU.Build.0 = Debug|Any CPU
		{DD5050B1-F20B-4246-9299-B369DB4CC371}.Release|Any CPU.ActiveCfg = Release|Any CPU
		{DD5050B1-F20B-4246-9299-B369DB4CC371}.Release|Any CPU.Build.0 = Release|Any CPU
		{E64974C8-3DF3-4C9A-9510-C65799A8DB2D}.Debug|Any CPU.ActiveCfg = Debug|Any CPU
		{E64974C8-3DF3-4C9A-9510-C65799A8DB2D}.Debug|Any CPU.Build.0 = Debug|Any CPU
		{E64974C8-3DF3-4C9A-9510-C65799A8DB2D}.Release|Any CPU.ActiveCfg = Release|Any CPU
		{E64974C8-3DF3-4C9A-9510-C65799A8DB2D}.Release|Any CPU.Build.0 = Release|Any CPU
		{40B5B1DA-E654-4157-B1FC-55496627E20C}.Debug|Any CPU.ActiveCfg = Debug|Any CPU
		{40B5B1DA-E654-4157-B1FC-55496627E20C}.Debug|Any CPU.Build.0 = Debug|Any CPU
		{40B5B1DA-E654-4157-B1FC-55496627E20C}.Release|Any CPU.ActiveCfg = Release|Any CPU
		{40B5B1DA-E654-4157-B1FC-55496627E20C}.Release|Any CPU.Build.0 = Release|Any CPU
		{EA9C8B19-5303-47B2-A892-54F37D4D1957}.Debug|Any CPU.ActiveCfg = Debug|Any CPU
		{EA9C8B19-5303-47B2-A892-54F37D4D1957}.Debug|Any CPU.Build.0 = Debug|Any CPU
		{EA9C8B19-5303-47B2-A892-54F37D4D1957}.Release|Any CPU.ActiveCfg = Release|Any CPU
		{EA9C8B19-5303-47B2-A892-54F37D4D1957}.Release|Any CPU.Build.0 = Release|Any CPU
		{B8050787-4483-4E1E-92D8-BA3905BA0008}.Debug|Any CPU.ActiveCfg = Debug|Any CPU
		{B8050787-4483-4E1E-92D8-BA3905BA0008}.Debug|Any CPU.Build.0 = Debug|Any CPU
		{B8050787-4483-4E1E-92D8-BA3905BA0008}.Release|Any CPU.ActiveCfg = Release|Any CPU
		{B8050787-4483-4E1E-92D8-BA3905BA0008}.Release|Any CPU.Build.0 = Release|Any CPU
	EndGlobalSection
	GlobalSection(SolutionProperties) = preSolution
		HideSolutionNode = FALSE
	EndGlobalSection
	GlobalSection(NestedProjects) = preSolution
		{FD7E1598-CA71-4D7C-995B-F5C18F1E6357} = {02B083EC-C573-4064-AACC-0AD8E48ED5D9}
		{4BF8EFB1-03CA-4334-8A88-D477E01737E1} = {02B083EC-C573-4064-AACC-0AD8E48ED5D9}
		{6840AC38-F9A4-4805-A20F-51D0EB9EA1AA} = {02B083EC-C573-4064-AACC-0AD8E48ED5D9}
		{93AD8850-76D3-40CC-917D-FEF08A218D35} = {02B083EC-C573-4064-AACC-0AD8E48ED5D9}
		{16E63A7D-DFF1-495A-83F7-FBAEA7BE2F23} = {FD7E1598-CA71-4D7C-995B-F5C18F1E6357}
		{42B3AFD5-5037-4E5B-A342-49B743105161} = {16E63A7D-DFF1-495A-83F7-FBAEA7BE2F23}
		{E8EFBED0-5F12-4087-BFFA-6E4632B4BFA9} = {4BF8EFB1-03CA-4334-8A88-D477E01737E1}
		{2B6C4467-2C43-4AE5-A41C-4C349BACEEEF} = {E8EFBED0-5F12-4087-BFFA-6E4632B4BFA9}
		{74E4045E-D084-49D1-9540-03BB5B401C5C} = {E8EFBED0-5F12-4087-BFFA-6E4632B4BFA9}
		{CB47DB10-D55E-49CE-9815-571F39AFD071} = {E8EFBED0-5F12-4087-BFFA-6E4632B4BFA9}
		{4B559DCF-6156-43A4-86D5-B359FF400DDC} = {E8EFBED0-5F12-4087-BFFA-6E4632B4BFA9}
		{E5B212F0-D7A0-4252-A740-C99C9D1E0DE9} = {6840AC38-F9A4-4805-A20F-51D0EB9EA1AA}
		{08673306-8277-4C59-B129-632AD6470CB0} = {E5B212F0-D7A0-4252-A740-C99C9D1E0DE9}
		{6B40B784-7B59-4679-8364-1B537C48F5E7} = {6840AC38-F9A4-4805-A20F-51D0EB9EA1AA}
		{AF37D58B-F9D8-4881-BCC1-105322523331} = {6B40B784-7B59-4679-8364-1B537C48F5E7}
		{DC60AADE-670C-4BAC-9C55-FA6DAC06620A} = {6840AC38-F9A4-4805-A20F-51D0EB9EA1AA}
		{7584743D-FFE6-4331-A527-136CD160815E} = {6840AC38-F9A4-4805-A20F-51D0EB9EA1AA}
		{D3012358-D7DC-44C9-99A3-EB384F75B0A9} = {7584743D-FFE6-4331-A527-136CD160815E}
		{FC57EB9F-9E16-49DF-A5CF-8691779A0D0D} = {6840AC38-F9A4-4805-A20F-51D0EB9EA1AA}
		{DD5050B1-F20B-4246-9299-B369DB4CC371} = {FC57EB9F-9E16-49DF-A5CF-8691779A0D0D}
		{E64974C8-3DF3-4C9A-9510-C65799A8DB2D} = {FC57EB9F-9E16-49DF-A5CF-8691779A0D0D}
		{40B5B1DA-E654-4157-B1FC-55496627E20C} = {FC57EB9F-9E16-49DF-A5CF-8691779A0D0D}
		{EA9C8B19-5303-47B2-A892-54F37D4D1957} = {FC57EB9F-9E16-49DF-A5CF-8691779A0D0D}
		{1471302E-8AE1-4902-988F-A0A90F2557FF} = {6840AC38-F9A4-4805-A20F-51D0EB9EA1AA}
		{B8050787-4483-4E1E-92D8-BA3905BA0008} = {1471302E-8AE1-4902-988F-A0A90F2557FF}
	EndGlobalSection
	GlobalSection(ExtensibilityGlobals) = postSolution
		SolutionGuid = {799A6E69-80A3-4824-97B5-1F6F61B38451}
	EndGlobalSection
EndGlobal
